// !$*UTF8*$!
{
	archiveVersion = 1;
	classes = {
	};
	objectVersion = 50;
	objects = {

/* Begin PBXBuildFile section */
		3B8115ED09A6B2A858A91BD3 /* libPods-XYAllCustomCollectionDemo.a in Frameworks */ = {isa = PBXBuildFile; fileRef = 15CF7FA2334620CD416B19BB /* libPods-XYAllCustomCollectionDemo.a */; };
		B008DB9F24D11F3300B03A80 /* XYScrollerNestingConfig.m in Sources */ = {isa = PBXBuildFile; fileRef = B008DB9E24D11F3300B03A80 /* XYScrollerNestingConfig.m */; };
		B008DBA324D1259900B03A80 /* XYFont.m in Sources */ = {isa = PBXBuildFile; fileRef = B008DBA224D1259900B03A80 /* XYFont.m */; };
		B008DBA724D12AF300B03A80 /* XYScrollerNestingListView.m in Sources */ = {isa = PBXBuildFile; fileRef = B008DBA624D12AF300B03A80 /* XYScrollerNestingListView.m */; };
		B008DBAA24D157BC00B03A80 /* XYScrollerNestingTagView.m in Sources */ = {isa = PBXBuildFile; fileRef = B008DBA924D157BB00B03A80 /* XYScrollerNestingTagView.m */; };
		B0129A9224BEF72300A84D6C /* AppDelegate.m in Sources */ = {isa = PBXBuildFile; fileRef = B0129A9124BEF72300A84D6C /* AppDelegate.m */; };
		B0129A9524BEF72300A84D6C /* SceneDelegate.m in Sources */ = {isa = PBXBuildFile; fileRef = B0129A9424BEF72300A84D6C /* SceneDelegate.m */; };
		B0129A9824BEF72300A84D6C /* ViewController.m in Sources */ = {isa = PBXBuildFile; fileRef = B0129A9724BEF72300A84D6C /* ViewController.m */; };
		B0129A9B24BEF72300A84D6C /* Main.storyboard in Resources */ = {isa = PBXBuildFile; fileRef = B0129A9924BEF72300A84D6C /* Main.storyboard */; };
		B0129A9D24BEF72700A84D6C /* Assets.xcassets in Resources */ = {isa = PBXBuildFile; fileRef = B0129A9C24BEF72700A84D6C /* Assets.xcassets */; };
		B0129AA024BEF72700A84D6C /* LaunchScreen.storyboard in Resources */ = {isa = PBXBuildFile; fileRef = B0129A9E24BEF72700A84D6C /* LaunchScreen.storyboard */; };
		B0129AA324BEF72700A84D6C /* main.m in Sources */ = {isa = PBXBuildFile; fileRef = B0129AA224BEF72700A84D6C /* main.m */; };
		B0129AAD24BEF72700A84D6C /* XYAllCustomCollectionDemoTests.m in Sources */ = {isa = PBXBuildFile; fileRef = B0129AAC24BEF72700A84D6C /* XYAllCustomCollectionDemoTests.m */; };
		B0129AB824BEF72700A84D6C /* XYAllCustomCollectionDemoUITests.m in Sources */ = {isa = PBXBuildFile; fileRef = B0129AB724BEF72700A84D6C /* XYAllCustomCollectionDemoUITests.m */; };
		B0129ACB24BEFBBD00A84D6C /* MainTableViewCell.m in Sources */ = {isa = PBXBuildFile; fileRef = B0129AC924BEFBBD00A84D6C /* MainTableViewCell.m */; };
		B0129ACC24BEFBBD00A84D6C /* MainTableViewCell.xib in Resources */ = {isa = PBXBuildFile; fileRef = B0129ACA24BEFBBD00A84D6C /* MainTableViewCell.xib */; };
		B0129AD224BF021100A84D6C /* CurrencyCell.m in Sources */ = {isa = PBXBuildFile; fileRef = B0129AD024BF021100A84D6C /* CurrencyCell.m */; };
		B0129AD324BF021100A84D6C /* CurrencyCell.xib in Resources */ = {isa = PBXBuildFile; fileRef = B0129AD124BF021100A84D6C /* CurrencyCell.xib */; };
		B0129ADC24BF048800A84D6C /* NormalCollectionViewController.m in Sources */ = {isa = PBXBuildFile; fileRef = B0129ADA24BF048800A84D6C /* NormalCollectionViewController.m */; };
		B04EA47024D17A46001FB047 /* ScrollNestViewController.m in Sources */ = {isa = PBXBuildFile; fileRef = B04EA46F24D17A46001FB047 /* ScrollNestViewController.m */; };
		B05A30F224BFF2FD00095FA0 /* CardCollectionViewController.m in Sources */ = {isa = PBXBuildFile; fileRef = B05A30F124BFF2FD00095FA0 /* CardCollectionViewController.m */; };
		B05A30F524BFF32000095FA0 /* CardFlowLayout.m in Sources */ = {isa = PBXBuildFile; fileRef = B05A30F424BFF32000095FA0 /* CardFlowLayout.m */; };
		B090FE7824C9312B00F8177C /* WaterFlowLayout.m in Sources */ = {isa = PBXBuildFile; fileRef = B090FE7724C9312B00F8177C /* WaterFlowLayout.m */; };
		B090FE7B24C9663400F8177C /* WaterViewController.m in Sources */ = {isa = PBXBuildFile; fileRef = B090FE7A24C9663400F8177C /* WaterViewController.m */; };
		B090FE8024C966A800F8177C /* PhotoModel.m in Sources */ = {isa = PBXBuildFile; fileRef = B090FE7D24C966A800F8177C /* PhotoModel.m */; };
		B090FE8124C966A800F8177C /* NormalCollectionViewCell.m in Sources */ = {isa = PBXBuildFile; fileRef = B090FE7F24C966A800F8177C /* NormalCollectionViewCell.m */; };
		B090FE8324C966D400F8177C /* podFile in Resources */ = {isa = PBXBuildFile; fileRef = B090FE8224C966D400F8177C /* podFile */; };
		B0E3730E24D28FBB003ECC07 /* EvaTableView.m in Sources */ = {isa = PBXBuildFile; fileRef = B0E3730D24D28FBB003ECC07 /* EvaTableView.m */; };
		B0E3731124D28FDB003ECC07 /* EvaCollectionView.m in Sources */ = {isa = PBXBuildFile; fileRef = B0E3731024D28FDB003ECC07 /* EvaCollectionView.m */; };
/* End PBXBuildFile section */

/* Begin PBXContainerItemProxy section */
		B0129AA924BEF72700A84D6C /* PBXContainerItemProxy */ = {
			isa = PBXContainerItemProxy;
			containerPortal = B0129A8524BEF72300A84D6C /* Project object */;
			proxyType = 1;
			remoteGlobalIDString = B0129A8C24BEF72300A84D6C;
			remoteInfo = XYAllCustomCollectionDemo;
		};
		B0129AB424BEF72700A84D6C /* PBXContainerItemProxy */ = {
			isa = PBXContainerItemProxy;
			containerPortal = B0129A8524BEF72300A84D6C /* Project object */;
			proxyType = 1;
			remoteGlobalIDString = B0129A8C24BEF72300A84D6C;
			remoteInfo = XYAllCustomCollectionDemo;
		};
/* End PBXContainerItemProxy section */

/* Begin PBXFileReference section */
		15CF7FA2334620CD416B19BB /* libPods-XYAllCustomCollectionDemo.a */ = {isa = PBXFileReference; explicitFileType = archive.ar; includeInIndex = 0; path = "libPods-XYAllCustomCollectionDemo.a"; sourceTree = BUILT_PRODUCTS_DIR; };
		B008DB9D24D11F3300B03A80 /* XYScrollerNestingConfig.h */ = {isa = PBXFileReference; lastKnownFileType = sourcecode.c.h; path = XYScrollerNestingConfig.h; sourceTree = "<group>"; };
		B008DB9E24D11F3300B03A80 /* XYScrollerNestingConfig.m */ = {isa = PBXFileReference; lastKnownFileType = sourcecode.c.objc; path = XYScrollerNestingConfig.m; sourceTree = "<group>"; };
		B008DBA024D123BF00B03A80 /* ScrollerNestingHeader.h */ = {isa = PBXFileReference; lastKnownFileType = sourcecode.c.h; path = ScrollerNestingHeader.h; sourceTree = "<group>"; };
		B008DBA124D1259900B03A80 /* XYFont.h */ = {isa = PBXFileReference; lastKnownFileType = sourcecode.c.h; path = XYFont.h; sourceTree = "<group>"; };
		B008DBA224D1259900B03A80 /* XYFont.m */ = {isa = PBXFileReference; lastKnownFileType = sourcecode.c.objc; path = XYFont.m; sourceTree = "<group>"; };
		B008DBA524D12AF300B03A80 /* XYScrollerNestingListView.h */ = {isa = PBXFileReference; lastKnownFileType = sourcecode.c.h; path = XYScrollerNestingListView.h; sourceTree = "<group>"; };
		B008DBA624D12AF300B03A80 /* XYScrollerNestingListView.m */ = {isa = PBXFileReference; lastKnownFileType = sourcecode.c.objc; path = XYScrollerNestingListView.m; sourceTree = "<group>"; };
		B008DBA824D157BB00B03A80 /* XYScrollerNestingTagView.h */ = {isa = PBXFileReference; lastKnownFileType = sourcecode.c.h; path = XYScrollerNestingTagView.h; sourceTree = "<group>"; };
		B008DBA924D157BB00B03A80 /* XYScrollerNestingTagView.m */ = {isa = PBXFileReference; lastKnownFileType = sourcecode.c.objc; path = XYScrollerNestingTagView.m; sourceTree = "<group>"; };
		B0129A8D24BEF72300A84D6C /* XYAllCustomCollectionDemo.app */ = {isa = PBXFileReference; explicitFileType = wrapper.application; includeInIndex = 0; path = XYAllCustomCollectionDemo.app; sourceTree = BUILT_PRODUCTS_DIR; };
		B0129A9024BEF72300A84D6C /* AppDelegate.h */ = {isa = PBXFileReference; lastKnownFileType = sourcecode.c.h; path = AppDelegate.h; sourceTree = "<group>"; };
		B0129A9124BEF72300A84D6C /* AppDelegate.m */ = {isa = PBXFileReference; lastKnownFileType = sourcecode.c.objc; path = AppDelegate.m; sourceTree = "<group>"; };
		B0129A9324BEF72300A84D6C /* SceneDelegate.h */ = {isa = PBXFileReference; lastKnownFileType = sourcecode.c.h; path = SceneDelegate.h; sourceTree = "<group>"; };
		B0129A9424BEF72300A84D6C /* SceneDelegate.m */ = {isa = PBXFileReference; lastKnownFileType = sourcecode.c.objc; path = SceneDelegate.m; sourceTree = "<group>"; };
		B0129A9624BEF72300A84D6C /* ViewController.h */ = {isa = PBXFileReference; lastKnownFileType = sourcecode.c.h; path = ViewController.h; sourceTree = "<group>"; };
		B0129A9724BEF72300A84D6C /* ViewController.m */ = {isa = PBXFileReference; lastKnownFileType = sourcecode.c.objc; path = ViewController.m; sourceTree = "<group>"; };
		B0129A9A24BEF72300A84D6C /* Base */ = {isa = PBXFileReference; lastKnownFileType = file.storyboard; name = Base; path = Base.lproj/Main.storyboard; sourceTree = "<group>"; };
		B0129A9C24BEF72700A84D6C /* Assets.xcassets */ = {isa = PBXFileReference; lastKnownFileType = folder.assetcatalog; path = Assets.xcassets; sourceTree = "<group>"; };
		B0129A9F24BEF72700A84D6C /* Base */ = {isa = PBXFileReference; lastKnownFileType = file.storyboard; name = Base; path = Base.lproj/LaunchScreen.storyboard; sourceTree = "<group>"; };
		B0129AA124BEF72700A84D6C /* Info.plist */ = {isa = PBXFileReference; lastKnownFileType = text.plist.xml; path = Info.plist; sourceTree = "<group>"; };
		B0129AA224BEF72700A84D6C /* main.m */ = {isa = PBXFileReference; lastKnownFileType = sourcecode.c.objc; path = main.m; sourceTree = "<group>"; };
		B0129AA824BEF72700A84D6C /* XYAllCustomCollectionDemoTests.xctest */ = {isa = PBXFileReference; explicitFileType = wrapper.cfbundle; includeInIndex = 0; path = XYAllCustomCollectionDemoTests.xctest; sourceTree = BUILT_PRODUCTS_DIR; };
		B0129AAC24BEF72700A84D6C /* XYAllCustomCollectionDemoTests.m */ = {isa = PBXFileReference; lastKnownFileType = sourcecode.c.objc; path = XYAllCustomCollectionDemoTests.m; sourceTree = "<group>"; };
		B0129AAE24BEF72700A84D6C /* Info.plist */ = {isa = PBXFileReference; lastKnownFileType = text.plist.xml; path = Info.plist; sourceTree = "<group>"; };
		B0129AB324BEF72700A84D6C /* XYAllCustomCollectionDemoUITests.xctest */ = {isa = PBXFileReference; explicitFileType = wrapper.cfbundle; includeInIndex = 0; path = XYAllCustomCollectionDemoUITests.xctest; sourceTree = BUILT_PRODUCTS_DIR; };
		B0129AB724BEF72700A84D6C /* XYAllCustomCollectionDemoUITests.m */ = {isa = PBXFileReference; lastKnownFileType = sourcecode.c.objc; path = XYAllCustomCollectionDemoUITests.m; sourceTree = "<group>"; };
		B0129AB924BEF72700A84D6C /* Info.plist */ = {isa = PBXFileReference; lastKnownFileType = text.plist.xml; path = Info.plist; sourceTree = "<group>"; };
		B0129AC824BEFBBD00A84D6C /* MainTableViewCell.h */ = {isa = PBXFileReference; lastKnownFileType = sourcecode.c.h; path = MainTableViewCell.h; sourceTree = "<group>"; };
		B0129AC924BEFBBD00A84D6C /* MainTableViewCell.m */ = {isa = PBXFileReference; lastKnownFileType = sourcecode.c.objc; path = MainTableViewCell.m; sourceTree = "<group>"; };
		B0129ACA24BEFBBD00A84D6C /* MainTableViewCell.xib */ = {isa = PBXFileReference; lastKnownFileType = file.xib; path = MainTableViewCell.xib; sourceTree = "<group>"; };
		B0129ACF24BF021100A84D6C /* CurrencyCell.h */ = {isa = PBXFileReference; lastKnownFileType = sourcecode.c.h; path = CurrencyCell.h; sourceTree = "<group>"; };
		B0129AD024BF021100A84D6C /* CurrencyCell.m */ = {isa = PBXFileReference; lastKnownFileType = sourcecode.c.objc; path = CurrencyCell.m; sourceTree = "<group>"; };
		B0129AD124BF021100A84D6C /* CurrencyCell.xib */ = {isa = PBXFileReference; lastKnownFileType = file.xib; path = CurrencyCell.xib; sourceTree = "<group>"; };
		B0129AD924BF048800A84D6C /* NormalCollectionViewController.h */ = {isa = PBXFileReference; lastKnownFileType = sourcecode.c.h; path = NormalCollectionViewController.h; sourceTree = "<group>"; };
		B0129ADA24BF048800A84D6C /* NormalCollectionViewController.m */ = {isa = PBXFileReference; lastKnownFileType = sourcecode.c.objc; path = NormalCollectionViewController.m; sourceTree = "<group>"; };
		B0129ADE24BF0A7200A84D6C /* PrefixHeader.pch */ = {isa = PBXFileReference; lastKnownFileType = sourcecode.c.h; path = PrefixHeader.pch; sourceTree = "<group>"; };
		B04EA46E24D17A46001FB047 /* ScrollNestViewController.h */ = {isa = PBXFileReference; lastKnownFileType = sourcecode.c.h; path = ScrollNestViewController.h; sourceTree = "<group>"; };
		B04EA46F24D17A46001FB047 /* ScrollNestViewController.m */ = {isa = PBXFileReference; lastKnownFileType = sourcecode.c.objc; path = ScrollNestViewController.m; sourceTree = "<group>"; };
		B05A30F024BFF2FD00095FA0 /* CardCollectionViewController.h */ = {isa = PBXFileReference; lastKnownFileType = sourcecode.c.h; path = CardCollectionViewController.h; sourceTree = "<group>"; };
		B05A30F124BFF2FD00095FA0 /* CardCollectionViewController.m */ = {isa = PBXFileReference; lastKnownFileType = sourcecode.c.objc; path = CardCollectionViewController.m; sourceTree = "<group>"; };
		B05A30F324BFF32000095FA0 /* CardFlowLayout.h */ = {isa = PBXFileReference; lastKnownFileType = sourcecode.c.h; path = CardFlowLayout.h; sourceTree = "<group>"; };
		B05A30F424BFF32000095FA0 /* CardFlowLayout.m */ = {isa = PBXFileReference; lastKnownFileType = sourcecode.c.objc; path = CardFlowLayout.m; sourceTree = "<group>"; };
		B090FE7624C9312B00F8177C /* WaterFlowLayout.h */ = {isa = PBXFileReference; lastKnownFileType = sourcecode.c.h; path = WaterFlowLayout.h; sourceTree = "<group>"; };
		B090FE7724C9312B00F8177C /* WaterFlowLayout.m */ = {isa = PBXFileReference; lastKnownFileType = sourcecode.c.objc; path = WaterFlowLayout.m; sourceTree = "<group>"; };
		B090FE7924C9663400F8177C /* WaterViewController.h */ = {isa = PBXFileReference; lastKnownFileType = sourcecode.c.h; path = WaterViewController.h; sourceTree = "<group>"; };
		B090FE7A24C9663400F8177C /* WaterViewController.m */ = {isa = PBXFileReference; lastKnownFileType = sourcecode.c.objc; path = WaterViewController.m; sourceTree = "<group>"; };
		B090FE7C24C966A800F8177C /* PhotoModel.h */ = {isa = PBXFileReference; fileEncoding = 4; lastKnownFileType = sourcecode.c.h; path = PhotoModel.h; sourceTree = "<group>"; };
		B090FE7D24C966A800F8177C /* PhotoModel.m */ = {isa = PBXFileReference; fileEncoding = 4; lastKnownFileType = sourcecode.c.objc; path = PhotoModel.m; sourceTree = "<group>"; };
		B090FE7E24C966A800F8177C /* NormalCollectionViewCell.h */ = {isa = PBXFileReference; fileEncoding = 4; lastKnownFileType = sourcecode.c.h; path = NormalCollectionViewCell.h; sourceTree = "<group>"; };
		B090FE7F24C966A800F8177C /* NormalCollectionViewCell.m */ = {isa = PBXFileReference; fileEncoding = 4; lastKnownFileType = sourcecode.c.objc; path = NormalCollectionViewCell.m; sourceTree = "<group>"; };
		B090FE8224C966D400F8177C /* podFile */ = {isa = PBXFileReference; fileEncoding = 4; lastKnownFileType = text; path = podFile; sourceTree = "<group>"; };
		B0E3730C24D28FBB003ECC07 /* EvaTableView.h */ = {isa = PBXFileReference; lastKnownFileType = sourcecode.c.h; path = EvaTableView.h; sourceTree = "<group>"; };
		B0E3730D24D28FBB003ECC07 /* EvaTableView.m */ = {isa = PBXFileReference; lastKnownFileType = sourcecode.c.objc; path = EvaTableView.m; sourceTree = "<group>"; };
		B0E3730F24D28FDB003ECC07 /* EvaCollectionView.h */ = {isa = PBXFileReference; lastKnownFileType = sourcecode.c.h; path = EvaCollectionView.h; sourceTree = "<group>"; };
		B0E3731024D28FDB003ECC07 /* EvaCollectionView.m */ = {isa = PBXFileReference; lastKnownFileType = sourcecode.c.objc; path = EvaCollectionView.m; sourceTree = "<group>"; };
		BD6FD4C0A872C93311A2E271 /* Pods-XYAllCustomCollectionDemo.release.xcconfig */ = {isa = PBXFileReference; includeInIndex = 1; lastKnownFileType = text.xcconfig; name = "Pods-XYAllCustomCollectionDemo.release.xcconfig"; path = "Target Support Files/Pods-XYAllCustomCollectionDemo/Pods-XYAllCustomCollectionDemo.release.xcconfig"; sourceTree = "<group>"; };
		D092A15DE55E9A844F4D2459 /* Pods-XYAllCustomCollectionDemo.debug.xcconfig */ = {isa = PBXFileReference; includeInIndex = 1; lastKnownFileType = text.xcconfig; name = "Pods-XYAllCustomCollectionDemo.debug.xcconfig"; path = "Target Support Files/Pods-XYAllCustomCollectionDemo/Pods-XYAllCustomCollectionDemo.debug.xcconfig"; sourceTree = "<group>"; };
/* End PBXFileReference section */

/* Begin PBXFrameworksBuildPhase section */
		B0129A8A24BEF72300A84D6C /* Frameworks */ = {
			isa = PBXFrameworksBuildPhase;
			buildActionMask = 2147483647;
			files = (
				3B8115ED09A6B2A858A91BD3 /* libPods-XYAllCustomCollectionDemo.a in Frameworks */,
			);
			runOnlyForDeploymentPostprocessing = 0;
		};
		B0129AA524BEF72700A84D6C /* Frameworks */ = {
			isa = PBXFrameworksBuildPhase;
			buildActionMask = 2147483647;
			files = (
			);
			runOnlyForDeploymentPostprocessing = 0;
		};
		B0129AB024BEF72700A84D6C /* Frameworks */ = {
			isa = PBXFrameworksBuildPhase;
			buildActionMask = 2147483647;
			files = (
			);
			runOnlyForDeploymentPostprocessing = 0;
		};
/* End PBXFrameworksBuildPhase section */

/* Begin PBXGroup section */
		1409FEA124BDABF136E62F01 /* Frameworks */ = {
			isa = PBXGroup;
			children = (
				15CF7FA2334620CD416B19BB /* libPods-XYAllCustomCollectionDemo.a */,
			);
			name = Frameworks;
			sourceTree = "<group>";
		};
		71B07D76F33CD8A15D8264DA /* Pods */ = {
			isa = PBXGroup;
			children = (
				D092A15DE55E9A844F4D2459 /* Pods-XYAllCustomCollectionDemo.debug.xcconfig */,
				BD6FD4C0A872C93311A2E271 /* Pods-XYAllCustomCollectionDemo.release.xcconfig */,
			);
			path = Pods;
			sourceTree = "<group>";
		};
		B008DB9C24D11EE000B03A80 /* scroll嵌套 */ = {
			isa = PBXGroup;
			children = (
				B04EA46E24D17A46001FB047 /* ScrollNestViewController.h */,
				B04EA46F24D17A46001FB047 /* ScrollNestViewController.m */,
				B0E3730C24D28FBB003ECC07 /* EvaTableView.h */,
				B0E3730D24D28FBB003ECC07 /* EvaTableView.m */,
				B0E3730F24D28FDB003ECC07 /* EvaCollectionView.h */,
				B0E3731024D28FDB003ECC07 /* EvaCollectionView.m */,
				B04EA46D24D17A20001FB047 /* scroll */,
			);
			path = "scroll嵌套";
			sourceTree = "<group>";
		};
		B008DBA424D1266600B03A80 /* config */ = {
			isa = PBXGroup;
			children = (
				B008DBA024D123BF00B03A80 /* ScrollerNestingHeader.h */,
				B008DBA124D1259900B03A80 /* XYFont.h */,
				B008DBA224D1259900B03A80 /* XYFont.m */,
			);
			path = config;
			sourceTree = "<group>";
		};
		B0129A8424BEF72300A84D6C = {
			isa = PBXGroup;
			children = (
				B090FE8224C966D400F8177C /* podFile */,
				B0129ADE24BF0A7200A84D6C /* PrefixHeader.pch */,
				B0129A8F24BEF72300A84D6C /* XYAllCustomCollectionDemo */,
				B0129AAB24BEF72700A84D6C /* XYAllCustomCollectionDemoTests */,
				B0129AB624BEF72700A84D6C /* XYAllCustomCollectionDemoUITests */,
				B0129A8E24BEF72300A84D6C /* Products */,
				71B07D76F33CD8A15D8264DA /* Pods */,
				1409FEA124BDABF136E62F01 /* Frameworks */,
			);
			sourceTree = "<group>";
		};
		B0129A8E24BEF72300A84D6C /* Products */ = {
			isa = PBXGroup;
			children = (
				B0129A8D24BEF72300A84D6C /* XYAllCustomCollectionDemo.app */,
				B0129AA824BEF72700A84D6C /* XYAllCustomCollectionDemoTests.xctest */,
				B0129AB324BEF72700A84D6C /* XYAllCustomCollectionDemoUITests.xctest */,
			);
			name = Products;
			sourceTree = "<group>";
		};
		B0129A8F24BEF72300A84D6C /* XYAllCustomCollectionDemo */ = {
			isa = PBXGroup;
			children = (
				B0129A9024BEF72300A84D6C /* AppDelegate.h */,
				B0129A9124BEF72300A84D6C /* AppDelegate.m */,
				B0129A9324BEF72300A84D6C /* SceneDelegate.h */,
				B0129A9424BEF72300A84D6C /* SceneDelegate.m */,
				B0129A9624BEF72300A84D6C /* ViewController.h */,
				B0129A9724BEF72300A84D6C /* ViewController.m */,
				B0129ACD24BF016500A84D6C /* CollectionView(集合视图) */,
				B0129AC824BEFBBD00A84D6C /* MainTableViewCell.h */,
				B0129AC924BEFBBD00A84D6C /* MainTableViewCell.m */,
				B0129ACA24BEFBBD00A84D6C /* MainTableViewCell.xib */,
				B0129ACF24BF021100A84D6C /* CurrencyCell.h */,
				B0129AD024BF021100A84D6C /* CurrencyCell.m */,
				B0129AD124BF021100A84D6C /* CurrencyCell.xib */,
				B0129A9C24BEF72700A84D6C /* Assets.xcassets */,
				B0129A9E24BEF72700A84D6C /* LaunchScreen.storyboard */,
				B0129A9924BEF72300A84D6C /* Main.storyboard */,
				B0129AA124BEF72700A84D6C /* Info.plist */,
				B0129AA224BEF72700A84D6C /* main.m */,
			);
			path = XYAllCustomCollectionDemo;
			sourceTree = "<group>";
		};
		B0129AAB24BEF72700A84D6C /* XYAllCustomCollectionDemoTests */ = {
			isa = PBXGroup;
			children = (
				B0129AAC24BEF72700A84D6C /* XYAllCustomCollectionDemoTests.m */,
				B0129AAE24BEF72700A84D6C /* Info.plist */,
			);
			path = XYAllCustomCollectionDemoTests;
			sourceTree = "<group>";
		};
		B0129AB624BEF72700A84D6C /* XYAllCustomCollectionDemoUITests */ = {
			isa = PBXGroup;
			children = (
				B0129AB724BEF72700A84D6C /* XYAllCustomCollectionDemoUITests.m */,
				B0129AB924BEF72700A84D6C /* Info.plist */,
			);
			path = XYAllCustomCollectionDemoUITests;
			sourceTree = "<group>";
		};
		B0129ACD24BF016500A84D6C /* CollectionView(集合视图) */ = {
			isa = PBXGroup;
			children = (
				B008DB9C24D11EE000B03A80 /* scroll嵌套 */,
				B090FE7524C9310600F8177C /* water */,
				B05A30EF24BFF26100095FA0 /* Card(留有间隙的卡片) */,
				B0129ACE24BF019900A84D6C /* Normal(普通集合视图) */,
			);
			path = "CollectionView(集合视图)";
			sourceTree = "<group>";
		};
		B0129ACE24BF019900A84D6C /* Normal(普通集合视图) */ = {
			isa = PBXGroup;
			children = (
				B0129AD924BF048800A84D6C /* NormalCollectionViewController.h */,
				B0129ADA24BF048800A84D6C /* NormalCollectionViewController.m */,
			);
			path = "Normal(普通集合视图)";
			sourceTree = "<group>";
		};
		B04EA46D24D17A20001FB047 /* scroll */ = {
			isa = PBXGroup;
			children = (
				B008DBA424D1266600B03A80 /* config */,
				B008DB9D24D11F3300B03A80 /* XYScrollerNestingConfig.h */,
				B008DB9E24D11F3300B03A80 /* XYScrollerNestingConfig.m */,
				B008DBA824D157BB00B03A80 /* XYScrollerNestingTagView.h */,
				B008DBA924D157BB00B03A80 /* XYScrollerNestingTagView.m */,
				B008DBA524D12AF300B03A80 /* XYScrollerNestingListView.h */,
				B008DBA624D12AF300B03A80 /* XYScrollerNestingListView.m */,
			);
			path = scroll;
			sourceTree = "<group>";
		};
		B05A30EF24BFF26100095FA0 /* Card(留有间隙的卡片) */ = {
			isa = PBXGroup;
			children = (
				B05A30F024BFF2FD00095FA0 /* CardCollectionViewController.h */,
				B05A30F124BFF2FD00095FA0 /* CardCollectionViewController.m */,
				B05A30F324BFF32000095FA0 /* CardFlowLayout.h */,
				B05A30F424BFF32000095FA0 /* CardFlowLayout.m */,
			);
			path = "Card(留有间隙的卡片)";
			sourceTree = "<group>";
		};
		B090FE7524C9310600F8177C /* water */ = {
			isa = PBXGroup;
			children = (
				B090FE7624C9312B00F8177C /* WaterFlowLayout.h */,
				B090FE7724C9312B00F8177C /* WaterFlowLayout.m */,
				B090FE7924C9663400F8177C /* WaterViewController.h */,
				B090FE7A24C9663400F8177C /* WaterViewController.m */,
				B090FE7E24C966A800F8177C /* NormalCollectionViewCell.h */,
				B090FE7F24C966A800F8177C /* NormalCollectionViewCell.m */,
				B090FE7C24C966A800F8177C /* PhotoModel.h */,
				B090FE7D24C966A800F8177C /* PhotoModel.m */,
			);
			path = water;
			sourceTree = "<group>";
		};
/* End PBXGroup section */

/* Begin PBXNativeTarget section */
		B0129A8C24BEF72300A84D6C /* XYAllCustomCollectionDemo */ = {
			isa = PBXNativeTarget;
			buildConfigurationList = B0129ABC24BEF72700A84D6C /* Build configuration list for PBXNativeTarget "XYAllCustomCollectionDemo" */;
			buildPhases = (
				C94775AF629CDC9C8838699D /* [CP] Check Pods Manifest.lock */,
				B0129A8924BEF72300A84D6C /* Sources */,
				B0129A8A24BEF72300A84D6C /* Frameworks */,
				B0129A8B24BEF72300A84D6C /* Resources */,
			);
			buildRules = (
			);
			dependencies = (
			);
			name = XYAllCustomCollectionDemo;
			productName = XYAllCustomCollectionDemo;
			productReference = B0129A8D24BEF72300A84D6C /* XYAllCustomCollectionDemo.app */;
			productType = "com.apple.product-type.application";
		};
		B0129AA724BEF72700A84D6C /* XYAllCustomCollectionDemoTests */ = {
			isa = PBXNativeTarget;
			buildConfigurationList = B0129ABF24BEF72700A84D6C /* Build configuration list for PBXNativeTarget "XYAllCustomCollectionDemoTests" */;
			buildPhases = (
				B0129AA424BEF72700A84D6C /* Sources */,
				B0129AA524BEF72700A84D6C /* Frameworks */,
				B0129AA624BEF72700A84D6C /* Resources */,
			);
			buildRules = (
			);
			dependencies = (
				B0129AAA24BEF72700A84D6C /* PBXTargetDependency */,
			);
			name = XYAllCustomCollectionDemoTests;
			productName = XYAllCustomCollectionDemoTests;
			productReference = B0129AA824BEF72700A84D6C /* XYAllCustomCollectionDemoTests.xctest */;
			productType = "com.apple.product-type.bundle.unit-test";
		};
		B0129AB224BEF72700A84D6C /* XYAllCustomCollectionDemoUITests */ = {
			isa = PBXNativeTarget;
			buildConfigurationList = B0129AC224BEF72700A84D6C /* Build configuration list for PBXNativeTarget "XYAllCustomCollectionDemoUITests" */;
			buildPhases = (
				B0129AAF24BEF72700A84D6C /* Sources */,
				B0129AB024BEF72700A84D6C /* Frameworks */,
				B0129AB124BEF72700A84D6C /* Resources */,
			);
			buildRules = (
			);
			dependencies = (
				B0129AB524BEF72700A84D6C /* PBXTargetDependency */,
			);
			name = XYAllCustomCollectionDemoUITests;
			productName = XYAllCustomCollectionDemoUITests;
			productReference = B0129AB324BEF72700A84D6C /* XYAllCustomCollectionDemoUITests.xctest */;
			productType = "com.apple.product-type.bundle.ui-testing";
		};
/* End PBXNativeTarget section */

/* Begin PBXProject section */
		B0129A8524BEF72300A84D6C /* Project object */ = {
			isa = PBXProject;
			attributes = {
				LastUpgradeCheck = 1150;
				ORGANIZATIONNAME = 4AM_XIAO;
				TargetAttributes = {
					B0129A8C24BEF72300A84D6C = {
						CreatedOnToolsVersion = 11.5;
					};
					B0129AA724BEF72700A84D6C = {
						CreatedOnToolsVersion = 11.5;
						TestTargetID = B0129A8C24BEF72300A84D6C;
					};
					B0129AB224BEF72700A84D6C = {
						CreatedOnToolsVersion = 11.5;
						TestTargetID = B0129A8C24BEF72300A84D6C;
					};
				};
			};
			buildConfigurationList = B0129A8824BEF72300A84D6C /* Build configuration list for PBXProject "XYAllCustomCollectionDemo" */;
			compatibilityVersion = "Xcode 9.3";
			developmentRegion = en;
			hasScannedForEncodings = 0;
			knownRegions = (
				en,
				Base,
			);
			mainGroup = B0129A8424BEF72300A84D6C;
			productRefGroup = B0129A8E24BEF72300A84D6C /* Products */;
			projectDirPath = "";
			projectRoot = "";
			targets = (
				B0129A8C24BEF72300A84D6C /* XYAllCustomCollectionDemo */,
				B0129AA724BEF72700A84D6C /* XYAllCustomCollectionDemoTests */,
				B0129AB224BEF72700A84D6C /* XYAllCustomCollectionDemoUITests */,
			);
		};
/* End PBXProject section */

/* Begin PBXResourcesBuildPhase section */
		B0129A8B24BEF72300A84D6C /* Resources */ = {
			isa = PBXResourcesBuildPhase;
			buildActionMask = 2147483647;
			files = (
				B090FE8324C966D400F8177C /* podFile in Resources */,
				B0129AA024BEF72700A84D6C /* LaunchScreen.storyboard in Resources */,
				B0129AD324BF021100A84D6C /* CurrencyCell.xib in Resources */,
				B0129A9D24BEF72700A84D6C /* Assets.xcassets in Resources */,
				B0129ACC24BEFBBD00A84D6C /* MainTableViewCell.xib in Resources */,
				B0129A9B24BEF72300A84D6C /* Main.storyboard in Resources */,
			);
			runOnlyForDeploymentPostprocessing = 0;
		};
		B0129AA624BEF72700A84D6C /* Resources */ = {
			isa = PBXResourcesBuildPhase;
			buildActionMask = 2147483647;
			files = (
			);
			runOnlyForDeploymentPostprocessing = 0;
		};
		B0129AB124BEF72700A84D6C /* Resources */ = {
			isa = PBXResourcesBuildPhase;
			buildActionMask = 2147483647;
			files = (
			);
			runOnlyForDeploymentPostprocessing = 0;
		};
/* End PBXResourcesBuildPhase section */

/* Begin PBXShellScriptBuildPhase section */
		C94775AF629CDC9C8838699D /* [CP] Check Pods Manifest.lock */ = {
			isa = PBXShellScriptBuildPhase;
			buildActionMask = 2147483647;
			files = (
			);
			inputFileListPaths = (
			);
			inputPaths = (
				"${PODS_PODFILE_DIR_PATH}/Podfile.lock",
				"${PODS_ROOT}/Manifest.lock",
			);
			name = "[CP] Check Pods Manifest.lock";
			outputFileListPaths = (
			);
			outputPaths = (
				"$(DERIVED_FILE_DIR)/Pods-XYAllCustomCollectionDemo-checkManifestLockResult.txt",
			);
			runOnlyForDeploymentPostprocessing = 0;
			shellPath = /bin/sh;
			shellScript = "diff \"${PODS_PODFILE_DIR_PATH}/Podfile.lock\" \"${PODS_ROOT}/Manifest.lock\" > /dev/null\nif [ $? != 0 ] ; then\n    # print error to STDERR\n    echo \"error: The sandbox is not in sync with the Podfile.lock. Run 'pod install' or update your CocoaPods installation.\" >&2\n    exit 1\nfi\n# This output is used by Xcode 'outputs' to avoid re-running this script phase.\necho \"SUCCESS\" > \"${SCRIPT_OUTPUT_FILE_0}\"\n";
			showEnvVarsInLog = 0;
		};
/* End PBXShellScriptBuildPhase section */

/* Begin PBXSourcesBuildPhase section */
		B0129A8924BEF72300A84D6C /* Sources */ = {
			isa = PBXSourcesBuildPhase;
			buildActionMask = 2147483647;
			files = (
				B05A30F524BFF32000095FA0 /* CardFlowLayout.m in Sources */,
				B008DBAA24D157BC00B03A80 /* XYScrollerNestingTagView.m in Sources */,
				B0129A9824BEF72300A84D6C /* ViewController.m in Sources */,
				B090FE8024C966A800F8177C /* PhotoModel.m in Sources */,
				B0129A9224BEF72300A84D6C /* AppDelegate.m in Sources */,
				B0E3730E24D28FBB003ECC07 /* EvaTableView.m in Sources */,
				B04EA47024D17A46001FB047 /* ScrollNestViewController.m in Sources */,
				B0129AD224BF021100A84D6C /* CurrencyCell.m in Sources */,
				B0129AA324BEF72700A84D6C /* main.m in Sources */,
				B0E3731124D28FDB003ECC07 /* EvaCollectionView.m in Sources */,
				B0129A9524BEF72300A84D6C /* SceneDelegate.m in Sources */,
				B0129ACB24BEFBBD00A84D6C /* MainTableViewCell.m in Sources */,
				B05A30F224BFF2FD00095FA0 /* CardCollectionViewController.m in Sources */,
				B008DB9F24D11F3300B03A80 /* XYScrollerNestingConfig.m in Sources */,
				B0129ADC24BF048800A84D6C /* NormalCollectionViewController.m in Sources */,
				B090FE8124C966A800F8177C /* NormalCollectionViewCell.m in Sources */,
				B008DBA724D12AF300B03A80 /* XYScrollerNestingListView.m in Sources */,
				B090FE7824C9312B00F8177C /* WaterFlowLayout.m in Sources */,
				B090FE7B24C9663400F8177C /* WaterViewController.m in Sources */,
				B008DBA324D1259900B03A80 /* XYFont.m in Sources */,
			);
			runOnlyForDeploymentPostprocessing = 0;
		};
		B0129AA424BEF72700A84D6C /* Sources */ = {
			isa = PBXSourcesBuildPhase;
			buildActionMask = 2147483647;
			files = (
				B0129AAD24BEF72700A84D6C /* XYAllCustomCollectionDemoTests.m in Sources */,
			);
			runOnlyForDeploymentPostprocessing = 0;
		};
		B0129AAF24BEF72700A84D6C /* Sources */ = {
			isa = PBXSourcesBuildPhase;
			buildActionMask = 2147483647;
			files = (
				B0129AB824BEF72700A84D6C /* XYAllCustomCollectionDemoUITests.m in Sources */,
			);
			runOnlyForDeploymentPostprocessing = 0;
		};
/* End PBXSourcesBuildPhase section */

/* Begin PBXTargetDependency section */
		B0129AAA24BEF72700A84D6C /* PBXTargetDependency */ = {
			isa = PBXTargetDependency;
			target = B0129A8C24BEF72300A84D6C /* XYAllCustomCollectionDemo */;
			targetProxy = B0129AA924BEF72700A84D6C /* PBXContainerItemProxy */;
		};
		B0129AB524BEF72700A84D6C /* PBXTargetDependency */ = {
			isa = PBXTargetDependency;
			target = B0129A8C24BEF72300A84D6C /* XYAllCustomCollectionDemo */;
			targetProxy = B0129AB424BEF72700A84D6C /* PBXContainerItemProxy */;
		};
/* End PBXTargetDependency section */

/* Begin PBXVariantGroup section */
		B0129A9924BEF72300A84D6C /* Main.storyboard */ = {
			isa = PBXVariantGroup;
			children = (
				B0129A9A24BEF72300A84D6C /* Base */,
			);
			name = Main.storyboard;
			sourceTree = "<group>";
		};
		B0129A9E24BEF72700A84D6C /* LaunchScreen.storyboard */ = {
			isa = PBXVariantGroup;
			children = (
				B0129A9F24BEF72700A84D6C /* Base */,
			);
			name = LaunchScreen.storyboard;
			sourceTree = "<group>";
		};
/* End PBXVariantGroup section */

/* Begin XCBuildConfiguration section */
		B0129ABA24BEF72700A84D6C /* Debug */ = {
			isa = XCBuildConfiguration;
			buildSettings = {
				ALWAYS_SEARCH_USER_PATHS = NO;
				CLANG_ANALYZER_NONNULL = YES;
				CLANG_ANALYZER_NUMBER_OBJECT_CONVERSION = YES_AGGRESSIVE;
				CLANG_CXX_LANGUAGE_STANDARD = "gnu++14";
				CLANG_CXX_LIBRARY = "libc++";
				CLANG_ENABLE_MODULES = YES;
				CLANG_ENABLE_OBJC_ARC = YES;
				CLANG_ENABLE_OBJC_WEAK = YES;
				CLANG_WARN_BLOCK_CAPTURE_AUTORELEASING = YES;
				CLANG_WARN_BOOL_CONVERSION = YES;
				CLANG_WARN_COMMA = YES;
				CLANG_WARN_CONSTANT_CONVERSION = YES;
				CLANG_WARN_DEPRECATED_OBJC_IMPLEMENTATIONS = YES;
				CLANG_WARN_DIRECT_OBJC_ISA_USAGE = YES_ERROR;
				CLANG_WARN_DOCUMENTATION_COMMENTS = YES;
				CLANG_WARN_EMPTY_BODY = YES;
				CLANG_WARN_ENUM_CONVERSION = YES;
				CLANG_WARN_INFINITE_RECURSION = YES;
				CLANG_WARN_INT_CONVERSION = YES;
				CLANG_WARN_NON_LITERAL_NULL_CONVERSION = YES;
				CLANG_WARN_OBJC_IMPLICIT_RETAIN_SELF = YES;
				CLANG_WARN_OBJC_LITERAL_CONVERSION = YES;
				CLANG_WARN_OBJC_ROOT_CLASS = YES_ERROR;
				CLANG_WARN_RANGE_LOOP_ANALYSIS = YES;
				CLANG_WARN_STRICT_PROTOTYPES = YES;
				CLANG_WARN_SUSPICIOUS_MOVE = YES;
				CLANG_WARN_UNGUARDED_AVAILABILITY = YES_AGGRESSIVE;
				CLANG_WARN_UNREACHABLE_CODE = YES;
				CLANG_WARN__DUPLICATE_METHOD_MATCH = YES;
				COPY_PHASE_STRIP = NO;
				DEBUG_INFORMATION_FORMAT = dwarf;
				ENABLE_STRICT_OBJC_MSGSEND = YES;
				ENABLE_TESTABILITY = YES;
				GCC_C_LANGUAGE_STANDARD = gnu11;
				GCC_DYNAMIC_NO_PIC = NO;
				GCC_NO_COMMON_BLOCKS = YES;
				GCC_OPTIMIZATION_LEVEL = 0;
				GCC_PREPROCESSOR_DEFINITIONS = (
					"DEBUG=1",
					"$(inherited)",
				);
				GCC_WARN_64_TO_32_BIT_CONVERSION = YES;
				GCC_WARN_ABOUT_RETURN_TYPE = YES_ERROR;
				GCC_WARN_UNDECLARED_SELECTOR = YES;
				GCC_WARN_UNINITIALIZED_AUTOS = YES_AGGRESSIVE;
				GCC_WARN_UNUSED_FUNCTION = YES;
				GCC_WARN_UNUSED_VARIABLE = YES;
				IPHONEOS_DEPLOYMENT_TARGET = 13.5;
				MTL_ENABLE_DEBUG_INFO = INCLUDE_SOURCE;
				MTL_FAST_MATH = YES;
				ONLY_ACTIVE_ARCH = YES;
				SDKROOT = iphoneos;
			};
			name = Debug;
		};
		B0129ABB24BEF72700A84D6C /* Release */ = {
			isa = XCBuildConfiguration;
			buildSettings = {
				ALWAYS_SEARCH_USER_PATHS = NO;
				CLANG_ANALYZER_NONNULL = YES;
				CLANG_ANALYZER_NUMBER_OBJECT_CONVERSION = YES_AGGRESSIVE;
				CLANG_CXX_LANGUAGE_STANDARD = "gnu++14";
				CLANG_CXX_LIBRARY = "libc++";
				CLANG_ENABLE_MODULES = YES;
				CLANG_ENABLE_OBJC_ARC = YES;
				CLANG_ENABLE_OBJC_WEAK = YES;
				CLANG_WARN_BLOCK_CAPTURE_AUTORELEASING = YES;
				CLANG_WARN_BOOL_CONVERSION = YES;
				CLANG_WARN_COMMA = YES;
				CLANG_WARN_CONSTANT_CONVERSION = YES;
				CLANG_WARN_DEPRECATED_OBJC_IMPLEMENTATIONS = YES;
				CLANG_WARN_DIRECT_OBJC_ISA_USAGE = YES_ERROR;
				CLANG_WARN_DOCUMENTATION_COMMENTS = YES;
				CLANG_WARN_EMPTY_BODY = YES;
				CLANG_WARN_ENUM_CONVERSION = YES;
				CLANG_WARN_INFINITE_RECURSION = YES;
				CLANG_WARN_INT_CONVERSION = YES;
				CLANG_WARN_NON_LITERAL_NULL_CONVERSION = YES;
				CLANG_WARN_OBJC_IMPLICIT_RETAIN_SELF = YES;
				CLANG_WARN_OBJC_LITERAL_CONVERSION = YES;
				CLANG_WARN_OBJC_ROOT_CLASS = YES_ERROR;
				CLANG_WARN_RANGE_LOOP_ANALYSIS = YES;
				CLANG_WARN_STRICT_PROTOTYPES = YES;
				CLANG_WARN_SUSPICIOUS_MOVE = YES;
				CLANG_WARN_UNGUARDED_AVAILABILITY = YES_AGGRESSIVE;
				CLANG_WARN_UNREACHABLE_CODE = YES;
				CLANG_WARN__DUPLICATE_METHOD_MATCH = YES;
				COPY_PHASE_STRIP = NO;
				DEBUG_INFORMATION_FORMAT = "dwarf-with-dsym";
				ENABLE_NS_ASSERTIONS = NO;
				ENABLE_STRICT_OBJC_MSGSEND = YES;
				GCC_C_LANGUAGE_STANDARD = gnu11;
				GCC_NO_COMMON_BLOCKS = YES;
				GCC_WARN_64_TO_32_BIT_CONVERSION = YES;
				GCC_WARN_ABOUT_RETURN_TYPE = YES_ERROR;
				GCC_WARN_UNDECLARED_SELECTOR = YES;
				GCC_WARN_UNINITIALIZED_AUTOS = YES_AGGRESSIVE;
				GCC_WARN_UNUSED_FUNCTION = YES;
				GCC_WARN_UNUSED_VARIABLE = YES;
				IPHONEOS_DEPLOYMENT_TARGET = 13.5;
				MTL_ENABLE_DEBUG_INFO = NO;
				MTL_FAST_MATH = YES;
				SDKROOT = iphoneos;
				VALIDATE_PRODUCT = YES;
			};
			name = Release;
		};
		B0129ABD24BEF72700A84D6C /* Debug */ = {
			isa = XCBuildConfiguration;
			baseConfigurationReference = D092A15DE55E9A844F4D2459 /* Pods-XYAllCustomCollectionDemo.debug.xcconfig */;
			buildSettings = {
				ASSETCATALOG_COMPILER_APPICON_NAME = AppIcon;
				CODE_SIGN_STYLE = Automatic;
				GCC_PREFIX_HEADER = /Users/4am_xiao/Desktop/SimpleDemo/XYAllCustomCollectionDemo/PrefixHeader.pch;
				INFOPLIST_FILE = XYAllCustomCollectionDemo/Info.plist;
				LD_RUNPATH_SEARCH_PATHS = (
					"$(inherited)",
					"@executable_path/Frameworks",
				);
				PRODUCT_BUNDLE_IDENTIFIER = com.xiao.XYAllCustomCollectionDemo;
				PRODUCT_NAME = "$(TARGET_NAME)";
				TARGETED_DEVICE_FAMILY = "1,2";
			};
			name = Debug;
		};
		B0129ABE24BEF72700A84D6C /* Release */ = {
			isa = XCBuildConfiguration;
			baseConfigurationReference = BD6FD4C0A872C93311A2E271 /* Pods-XYAllCustomCollectionDemo.release.xcconfig */;
			buildSettings = {
				ASSETCATALOG_COMPILER_APPICON_NAME = AppIcon;
				CODE_SIGN_STYLE = Automatic;
				GCC_PREFIX_HEADER = /Users/4am_xiao/Desktop/SimpleDemo/XYAllCustomCollectionDemo/PrefixHeader.pch;
				INFOPLIST_FILE = XYAllCustomCollectionDemo/Info.plist;
				LD_RUNPATH_SEARCH_PATHS = (
					"$(inherited)",
					"@executable_path/Frameworks",
				);
				PRODUCT_BUNDLE_IDENTIFIER = com.xiao.XYAllCustomCollectionDemo;
				PRODUCT_NAME = "$(TARGET_NAME)";
				TARGETED_DEVICE_FAMILY = "1,2";
			};
			name = Release;
		};
		B0129AC024BEF72700A84D6C /* Debug */ = {
			isa = XCBuildConfiguration;
			buildSettings = {
				BUNDLE_LOADER = "$(TEST_HOST)";
				CODE_SIGN_STYLE = Automatic;
				INFOPLIST_FILE = XYAllCustomCollectionDemoTests/Info.plist;
				IPHONEOS_DEPLOYMENT_TARGET = 13.5;
				LD_RUNPATH_SEARCH_PATHS = (
					"$(inherited)",
					"@executable_path/Frameworks",
					"@loader_path/Frameworks",
				);
				PRODUCT_BUNDLE_IDENTIFIER = com.xiao.XYAllCustomCollectionDemoTests;
				PRODUCT_NAME = "$(TARGET_NAME)";
				TARGETED_DEVICE_FAMILY = "1,2";
				TEST_HOST = "$(BUILT_PRODUCTS_DIR)/XYAllCustomCollectionDemo.app/XYAllCustomCollectionDemo";
			};
			name = Debug;
		};
		B0129AC124BEF72700A84D6C /* Release */ = {
			isa = XCBuildConfiguration;
			buildSettings = {
				BUNDLE_LOADER = "$(TEST_HOST)";
				CODE_SIGN_STYLE = Automatic;
				INFOPLIST_FILE = XYAllCustomCollectionDemoTests/Info.plist;
				IPHONEOS_DEPLOYMENT_TARGET = 13.5;
				LD_RUNPATH_SEARCH_PATHS = (
					"$(inherited)",
					"@executable_path/Frameworks",
					"@loader_path/Frameworks",
				);
				PRODUCT_BUNDLE_IDENTIFIER = com.xiao.XYAllCustomCollectionDemoTests;
				PRODUCT_NAME = "$(TARGET_NAME)";
				TARGETED_DEVICE_FAMILY = "1,2";
				TEST_HOST = "$(BUILT_PRODUCTS_DIR)/XYAllCustomCollectionDemo.app/XYAllCustomCollectionDemo";
			};
			name = Release;
		};
		B0129AC324BEF72700A84D6C /* Debug */ = {
			isa = XCBuildConfiguration;
			buildSettings = {
				CODE_SIGN_STYLE = Automatic;
				INFOPLIST_FILE = XYAllCustomCollectionDemoUITests/Info.plist;
				LD_RUNPATH_SEARCH_PATHS = (
					"$(inherited)",
					"@executable_path/Frameworks",
					"@loader_path/Frameworks",
				);
				PRODUCT_BUNDLE_IDENTIFIER = com.xiao.XYAllCustomCollectionDemoUITests;
				PRODUCT_NAME = "$(TARGET_NAME)";
				TARGETED_DEVICE_FAMILY = "1,2";
				TEST_TARGET_NAME = XYAllCustomCollectionDemo;
			};
			name = Debug;
		};
		B0129AC424BEF72700A84D6C /* Release */ = {
			isa = XCBuildConfiguration;
			buildSettings = {
				CODE_SIGN_STYLE = Automatic;
				INFOPLIST_FILE = XYAllCustomCollectionDemoUITests/Info.plist;
				LD_RUNPATH_SEARCH_PATHS = (
					"$(inherited)",
					"@executable_path/Frameworks",
					"@loader_path/Frameworks",
				);
				PRODUCT_BUNDLE_IDENTIFIER = com.xiao.XYAllCustomCollectionDemoUITests;
				PRODUCT_NAME = "$(TARGET_NAME)";
				TARGETED_DEVICE_FAMILY = "1,2";
				TEST_TARGET_NAME = XYAllCustomCollectionDemo;
			};
			name = Release;
		};
/* End XCBuildConfiguration section */

/* Begin XCConfigurationList section */
		B0129A8824BEF72300A84D6C /* Build configuration list for PBXProject "XYAllCustomCollectionDemo" */ = {
			isa = XCConfigurationList;
			buildConfigurations = (
				B0129ABA24BEF72700A84D6C /* Debug */,
				B0129ABB24BEF72700A84D6C /* Release */,
			);
			defaultConfigurationIsVisible = 0;
			defaultConfigurationName = Release;
		};
		B0129ABC24BEF72700A84D6C /* Build configuration list for PBXNativeTarget "XYAllCustomCollectionDemo" */ = {
			isa = XCConfigurationList;
			buildConfigurations = (
				B0129ABD24BEF72700A84D6C /* Debug */,
				B0129ABE24BEF72700A84D6C /* Release */,
			);
			defaultConfigurationIsVisible = 0;
			defaultConfigurationName = Release;
		};
		B0129ABF24BEF72700A84D6C /* Build configuration list for PBXNativeTarget "XYAllCustomCollectionDemoTests" */ = {
			isa = XCConfigurationList;
			buildConfigurations = (
				B0129AC024BEF72700A84D6C /* Debug */,
				B0129AC124BEF72700A84D6C /* Release */,
			);
			defaultConfigurationIsVisible = 0;
			defaultConfigurationName = Release;
		};
		B0129AC224BEF72700A84D6C /* Build configuration list for PBXNativeTarget "XYAllCustomCollectionDemoUITests" */ = {
			isa = XCConfigurationList;
			buildConfigurations = (
				B0129AC324BEF72700A84D6C /* Debug */,
				B0129AC424BEF72700A84D6C /* Release */,
			);
			defaultConfigurationIsVisible = 0;
			defaultConfigurationName = Release;
		};
/* End XCConfigurationList section */
	};
	rootObject = B0129A8524BEF72300A84D6C /* Project object */;
}
